
Microsoft Visual Studio Solution File, Format Version 12.00
# Visual Studio Version 17
VisualStudioVersion = 17.9.34728.123
MinimumVisualStudioVersion = 10.0.40219.1
Project("{FAE04EC0-301F-11D3-BF4B-00C04F79EFBC}") = "UserSingleton2", "UserSingleton2\UserSingleton2.csproj", "{D7ECFF04-F477-450F-82EC-038AA74A549C}"
EndProject
Global
	GlobalSection(SolutionConfigurationPlatforms) = preSolution
		Debug|Any CPU = Debug|Any CPU
		Release|Any CPU = Release|Any CPU
	EndGlobalSection
	GlobalSection(ProjectConfigurationPlatforms) = postSolution
		{D7ECFF04-F477-450F-82EC-038AA74A549C}.Debug|Any CPU.ActiveCfg = Debug|Any CPU
		{D7ECFF04-F477-450F-82EC-038AA74A549C}.Debug|Any CPU.Build.0 = Debug|Any CPU
		{D7ECFF04-F477-450F-82EC-038AA74A549C}.Release|Any CPU.ActiveCfg = Release|Any CPU
		{D7ECFF04-F477-450F-82EC-038AA74A549C}.Release|Any CPU.Build.0 = Release|Any CPU
	EndGlobalSection
	GlobalSection(SolutionProperties) = preSolution
		HideSolutionNode = FALSE
	EndGlobalSection
	GlobalSection(ExtensibilityGlobals) = postSolution
		SolutionGuid = {AB8B80E3-8CD9-4038-8CB6-33AA7DBF6788}
	EndGlobalSection
EndGlobal
